
Microsoft Visual Studio Solution File, Format Version 12.00
# Visual Studio 15
VisualStudioVersion = 15.0.28307.539
MinimumVisualStudioVersion = 10.0.40219.1
Project("{FAE04EC0-301F-11D3-BF4B-00C04F79EFBC}") = "BattleBot", "BattleBot\BattleBot.csproj", "{D2BA1C89-B67D-4BB2-91E2-0A29362EFB3E}"
EndProject
Global
	GlobalSection(SolutionConfigurationPlatforms) = preSolution
		Debug|Any CPU = Debug|Any CPU
		Release|Any CPU = Release|Any CPU
	EndGlobalSection
	GlobalSection(ProjectConfigurationPlatforms) = postSolution
		{D2BA1C89-B67D-4BB2-91E2-0A29362EFB3E}.Debug|Any CPU.ActiveCfg = Debug|Any CPU
		{D2BA1C89-B67D-4BB2-91E2-0A29362EFB3E}.Debug|Any CPU.Build.0 = Debug|Any CPU
		{D2BA1C89-B67D-4BB2-91E2-0A29362EFB3E}.Release|Any CPU.ActiveCfg = Release|Any CPU
		{D2BA1C89-B67D-4BB2-91E2-0A29362EFB3E}.Release|Any CPU.Build.0 = Release|Any CPU
	EndGlobalSection
	GlobalSection(SolutionProperties) = preSolution
		HideSolutionNode = FALSE
	EndGlobalSection
	GlobalSection(ExtensibilityGlobals) = postSolution
		SolutionGuid = {8E773EEB-0BEB-4247-A97E-3FD8F87A5A34}
	EndGlobalSection
EndGlobal
